
Microsoft Visual Studio Solution File, Format Version 12.00
# Visual Studio 2013
VisualStudioVersion = 12.0.31101.0
MinimumVisualStudioVersion = 10.0.40219.1
Project("{FAE04EC0-301F-11D3-BF4B-00C04F79EFBC}") = "NoughtsAndCrosses.Console", "NoughtsAndCrosses.Console.csproj", "{A098C4F7-98A3-4488-BC67-C05BC396C841}"
EndProject
Project("{FAE04EC0-301F-11D3-BF4B-00C04F79EFBC}") = "NoughtsAndCrosses.Tests", "..\NoughtsAndCrosses.Tests\NoughtsAndCrosses.Tests.csproj", "{2D36C5EE-21C3-42A7-84F7-7CE2EAA54BAE}"
EndProject
Global
	GlobalSection(SolutionConfigurationPlatforms) = preSolution
		Debug|Any CPU = Debug|Any CPU
		Release|Any CPU = Release|Any CPU
	EndGlobalSection
	GlobalSection(ProjectConfigurationPlatforms) = postSolution
		{A098C4F7-98A3-4488-BC67-C05BC396C841}.Debug|Any CPU.ActiveCfg = Debug|Any CPU
		{A098C4F7-98A3-4488-BC67-C05BC396C841}.Debug|Any CPU.Build.0 = Debug|Any CPU
		{A098C4F7-98A3-4488-BC67-C05BC396C841}.Release|Any CPU.ActiveCfg = Release|Any CPU
		{A098C4F7-98A3-4488-BC67-C05BC396C841}.Release|Any CPU.Build.0 = Release|Any CPU
		{2D36C5EE-21C3-42A7-84F7-7CE2EAA54BAE}.Debug|Any CPU.ActiveCfg = Debug|Any CPU
		{2D36C5EE-21C3-42A7-84F7-7CE2EAA54BAE}.Debug|Any CPU.Build.0 = Debug|Any CPU
		{2D36C5EE-21C3-42A7-84F7-7CE2EAA54BAE}.Release|Any CPU.ActiveCfg = Release|Any CPU
		{2D36C5EE-21C3-42A7-84F7-7CE2EAA54BAE}.Release|Any CPU.Build.0 = Release|Any CPU
	EndGlobalSection
	GlobalSection(SolutionProperties) = preSolution
		HideSolutionNode = FALSE
	EndGlobalSection
EndGlobal
